
Microsoft Visual Studio Solution File, Format Version 12.00
# Visual Studio Version 17
VisualStudioVersion = 17.6.33829.357
MinimumVisualStudioVersion = 10.0.40219.1
Project("{9A19103F-16F7-4668-BE54-9A1E7A4F7556}") = "Game_API", "Game_API\Game_API.csproj", "{73DA4284-401E-4CE0-A533-5073167CBF80}"
EndProject
Global
	GlobalSection(SolutionConfigurationPlatforms) = preSolution
		Debug|Any CPU = Debug|Any CPU
		Release|Any CPU = Release|Any CPU
	EndGlobalSection
	GlobalSection(ProjectConfigurationPlatforms) = postSolution
		{73DA4284-401E-4CE0-A533-5073167CBF80}.Debug|Any CPU.ActiveCfg = Debug|Any CPU
		{73DA4284-401E-4CE0-A533-5073167CBF80}.Debug|Any CPU.Build.0 = Debug|Any CPU
		{73DA4284-401E-4CE0-A533-5073167CBF80}.Release|Any CPU.ActiveCfg = Release|Any CPU
		{73DA4284-401E-4CE0-A533-5073167CBF80}.Release|Any CPU.Build.0 = Release|Any CPU
	EndGlobalSection
	GlobalSection(SolutionProperties) = preSolution
		HideSolutionNode = FALSE
	EndGlobalSection
	GlobalSection(ExtensibilityGlobals) = postSolution
		SolutionGuid = {DD2DFE4A-FD0A-4E20-AF47-1644732151E1}
	EndGlobalSection
EndGlobal
